
Microsoft Visual Studio Solution File, Format Version 12.00
# Visual Studio Version 17
VisualStudioVersion = 17.6.33815.320
MinimumVisualStudioVersion = 10.0.40219.1
Project("{FAE04EC0-301F-11D3-BF4B-00C04F79EFBC}") = "discordbot", "discordbot.csproj", "{A241D629-A66B-4B68-A489-3B51C20DAA5C}"
EndProject
Global
	GlobalSection(SolutionConfigurationPlatforms) = preSolution
		Debug|Any CPU = Debug|Any CPU
		Release|Any CPU = Release|Any CPU
	EndGlobalSection
	GlobalSection(ProjectConfigurationPlatforms) = postSolution
		{A241D629-A66B-4B68-A489-3B51C20DAA5C}.Debug|Any CPU.ActiveCfg = Debug|Any CPU
		{A241D629-A66B-4B68-A489-3B51C20DAA5C}.Debug|Any CPU.Build.0 = Debug|Any CPU
		{A241D629-A66B-4B68-A489-3B51C20DAA5C}.Release|Any CPU.ActiveCfg = Release|Any CPU
		{A241D629-A66B-4B68-A489-3B51C20DAA5C}.Release|Any CPU.Build.0 = Release|Any CPU
	EndGlobalSection
	GlobalSection(SolutionProperties) = preSolution
		HideSolutionNode = FALSE
	EndGlobalSection
	GlobalSection(ExtensibilityGlobals) = postSolution
		SolutionGuid = {1A02716B-8853-4F45-924D-B79A1D7C502C}
	EndGlobalSection
EndGlobal
